PODS:
  - flutter_archive (0.0.1):
    - FlutterMacOS
    - ZIPFoundation (= 0.9.13)
  - FlutterMacOS (1.0.0)
  - path_provider_foundation (0.0.1):
    - Flutter
    - FlutterMacOS
  - ZIPFoundation (0.9.13)

DEPENDENCIES:
  - flutter_archive (from `Flutter/ephemeral/.symlinks/plugins/flutter_archive/macos`)
  - FlutterMacOS (from `Flutter/ephemeral`)
  - path_provider_foundation (from `Flutter/ephemeral/.symlinks/plugins/path_provider_foundation/darwin`)

SPEC REPOS:
  trunk:
    - ZIPFoundation

EXTERNAL SOURCES:
  flutter_archive:
    :path: Flutter/ephemeral/.symlinks/plugins/flutter_archive/macos
  FlutterMacOS:
    :path: Flutter/ephemeral
  path_provider_foundation:
    :path: Flutter/ephemeral/.symlinks/plugins/path_provider_foundation/darwin

SPEC CHECKSUMS:
  flutter_archive: 1a28d55ba9013cf5f4513ae1bb6af118f787df96
  FlutterMacOS: 8f6f14fa908a6fb3fba0cd85dbd81ec4b251fb24
  path_provider_foundation: eaf5b3e458fc0e5fbb9940fb09980e853fe058b8
  ZIPFoundation: ae5b4b813d216d3bf0a148773267fff14bd51d37

PODFILE CHECKSUM: 236401fc2c932af29a9fcf0e97baeeb2d750d367

COCOAPODS: 1.12.0
